
Microsoft Visual Studio Solution File, Format Version 12.00
# Visual Studio Version 16
VisualStudioVersion = 16.0.29613.14
MinimumVisualStudioVersion = 10.0.40219.1
Project("{FAE04EC0-301F-11D3-BF4B-00C04F79EFBC}") = "RefTagger", "RefTagger\RefTagger.csproj", "{C5205CC7-C36F-43C8-8744-EA69D1F30E4A}"
EndProject
Global
	GlobalSection(SolutionConfigurationPlatforms) = preSolution
		Debug|Any CPU = Debug|Any CPU
		Release|Any CPU = Release|Any CPU
	EndGlobalSection
	GlobalSection(ProjectConfigurationPlatforms) = postSolution
		{C5205CC7-C36F-43C8-8744-EA69D1F30E4A}.Debug|Any CPU.ActiveCfg = Debug|Any CPU
		{C5205CC7-C36F-43C8-8744-EA69D1F30E4A}.Debug|Any CPU.Build.0 = Debug|Any CPU
		{C5205CC7-C36F-43C8-8744-EA69D1F30E4A}.Release|Any CPU.ActiveCfg = Release|Any CPU
		{C5205CC7-C36F-43C8-8744-EA69D1F30E4A}.Release|Any CPU.Build.0 = Release|Any CPU
	EndGlobalSection
	GlobalSection(SolutionProperties) = preSolution
		HideSolutionNode = FALSE
	EndGlobalSection
	GlobalSection(ExtensibilityGlobals) = postSolution
		SolutionGuid = {F1CDAC6A-6A7F-4091-9AFC-324C56570B3F}
	EndGlobalSection
EndGlobal
